hash: 8d2125b8c52219f66c4133e10f99adb01a2aaa6e00c14ddd5434d7246cb019cc
updated: 2017-03-24T16:37:00.165304876Z
imports:
- name: cloud.google.com/go
  version: 2e6a95edb1071d750f6d7db777bf66cd2997af6c
  subpackages:
  - compute/metadata
  - errorreporting/apiv1beta1
  - errors
  - internal
  - internal/version
  - logging
  - logging/apiv2
  - logging/internal
  - trace
- name: github.com/abcum/emitr
  version: 9140f21d815c7b451a319b580a191a0503821cf9
- name: github.com/abcum/fibre
  version: f66dfc32a24eba168ac85c3efb3d8f1e4d028be6
  subpackages:
  - mw
- name: github.com/abcum/orbit
  version: 110cc12242715311142559db06b8b2883e47784d
- name: github.com/abcum/webkit
  version: ec928afdb6b0c9fe6024796342402b5214f2a75b
- name: github.com/AlasdairF/Conv
  version: b55e025a049e6ae1ca76be0fde855af441f89141
- name: github.com/AlasdairF/Custom
  version: 1889d7b07a22ffb7d32ea0dd070efe6c5121b0d5
- name: github.com/AlasdairF/NormalizeText
  version: 1782820e36471657cd6157b4ba2664b5d78d52bd
- name: github.com/AlasdairF/snappy
  version: d1c9103b7e943501a7d4f21a89a5b532f31a018f
- name: github.com/AlekSi/pointer
  version: 08a25bac605b3fcb6cc27f3917b2c2c87451963d
- name: github.com/andybalholm/cascadia
  version: 349dd0209470eabd9514242c688c403c0926d266
- name: github.com/anthonynsimon/bild
  version: 35fd1904d43f809ded0959922164885e25577aa2
  subpackages:
  - adjust
  - blend
  - blur
  - channel
  - clone
  - convolution
  - effect
  - fcolor
  - histogram
  - math/f64
  - noise
  - parallel
  - segment
  - transform
  - util
- name: github.com/arbovm/levenshtein
  version: 48b4e1c0c4d0b8b1864f1bd2cd31bb20147e4636
- name: github.com/aymerick/raymond
  version: a2232af10b53ef1ae5a767f5178db3a6c1dab655
  subpackages:
  - ast
  - lexer
  - parser
- name: github.com/beevik/etree
  version: abae5fc32af8862e420d52e686a7e6ec14111685
- name: github.com/boombuler/barcode
  version: c07adc95a07cb6213cf4c104caab763bce2d49c0
  subpackages:
  - codabar
  - code128
  - code39
  - datamatrix
  - ean
  - qr
  - twooffive
  - utils
- name: github.com/brianvoe/gofakeit
  version: affe0f1ed663e0998f7a0fd32c851545ccc205ad
- name: github.com/dgrijalva/jwt-go
  version: d2709f9f1f31ebcda9651b03077758c1f3a0018c
- name: github.com/disintegration/imaging
  version: ac27d1805a555e1754fa177216ee07f4e63c30b5
- name: github.com/donatj/mpo
  version: 7cdaab245adcd8b77db63eaa7d4852ebd8da8a4e
- name: github.com/endeveit/guesslanguage
  version: b9ec07401dcbe25857ba6d81fed47cba5d677246
  subpackages:
  - models
- name: github.com/fatih/structs
  version: a720dfa8df582c51dee1b36feabb906bde1588bd
- name: github.com/go-playground/locales
  version: 084b0226cf88d891a2bdeccac01d592af13a8f7b
  subpackages:
  - currency
- name: github.com/go-playground/universal-translator
  version: b32fa301c9fe55953584134cb6853a13c87ec0a1
- name: github.com/golang/freetype
  version: d9be45aaf7452cc30c0ceb1b1bf7efe1d17b7c87
  subpackages:
  - raster
  - truetype
- name: github.com/golang/protobuf
  version: c9c7427a2a70d2eb3bafa0ab2dc163e45f143317
  subpackages:
  - proto
  - protoc-gen-go/descriptor
  - ptypes
  - ptypes/any
  - ptypes/duration
  - ptypes/empty
  - ptypes/struct
  - ptypes/timestamp
- name: github.com/googleapis/gax-go
  version: 8c5154c0fe5bf18cf649634d4c6df50897a32751
- name: github.com/gorilla/websocket
  version: 3ab3a8b8831546bd18fd182c20687ca853b2bb13
- name: github.com/gosimple/slug
  version: 32efb997950eba210b1880d8cf52b601c1b5abe3
- name: github.com/gotk3/gotk3
  version: 37329043822dea00ae853ce824c3360b0cdf9391
  subpackages:
  - cairo
  - gdk
  - glib
  - gtk
  - pango
- name: github.com/hjson/hjson-go
  version: 94a8f0bea3436e0721b2e28b85df411d75a399fa
- name: github.com/inconshreveable/mousetrap
  version: 76626ae9c91c4f2a10f34cad8ce83ea42c93bb75
- name: github.com/jaytaylor/html2text
  version: f3b8a7ca0a23f0a806b2e1ad1247de39ecde54bf
- name: github.com/klauspost/compress
  version: 14c9a76e3c95e47f8ccce949bba2c1101a8b85e6
  subpackages:
  - flate
  - zlib
- name: github.com/klauspost/cpuid
  version: 09cded8978dc9e80714c4d85b0322337b0a1e5e0
- name: github.com/lucasb-eyer/go-colorful
  version: c900de9dbbc73129068f5af6a823068fc5f2308c
- name: github.com/mattn/go-colorable
  version: a392f450ea64cee2b268dfaacdc2502b50a22b18
- name: github.com/mattn/go-isatty
  version: 57fdcb988a5c543893cc61bce354a6e24ab70022
- name: github.com/mgutz/ansi
  version: 9520e82c474b0a04dd04f8a40959027271bab992
- name: github.com/miekg/dns
  version: 2d7eb4f050c25a6d4401af9abd939d42ac773331
- name: github.com/mitchellh/mapstructure
  version: 53818660ed4955e899c0bcafa97299a388bd7c8e
- name: github.com/mozillazg/go-unidecode
  version: 7ab3c72180eeb79ccb8746137e14d6b0a60dd685
  subpackages:
  - table
- name: github.com/mvdan/xurls
  version: d315b61cf6727664f310fa87b3197e9faf2a8513
- name: github.com/newrelic/go-agent
  version: 60ed7aa03a85a1355b4189f66e23604de8f27d57
  subpackages:
  - internal
  - internal/jsonx
  - internal/logger
  - internal/sysinfo
  - internal/utilization
- name: github.com/Obaied/RAKE.Go
  version: ea334dbbc4ffe071f71d2a46d780198160d75500
- name: github.com/olebedev/when
  version: ac30b9a292575a8e46eac00ff0969379db9e338a
  subpackages:
  - rules
  - rules/common
  - rules/en
  - rules/ru
- name: github.com/oschwald/geoip2-golang
  version: 496a3cbcb65a3cb54497fe4ae2273319e85160a4
- name: github.com/oschwald/maxminddb-golang
  version: 697da8075d2061aa8ed639346443f5d3e8c80b30
- name: github.com/paulstuart/ping
  version: 0345a9703e43995c48c1749fda54272132d57324
- name: github.com/pkg/errors
  version: 645ef00459ed84a119197bfb8d8205042c6df63d
- name: github.com/pkg/profile
  version: 1c16f117a3ab788fdf0e334e623b8bccf5679866
- name: github.com/PuerkitoBio/goquery
  version: e1271ee34c6a305e38566ecd27ae374944907ee9
- name: github.com/rainycape/unidecode
  version: cb7f23ec59bec0d61b19c56cd88cee3d0cc1870c
- name: github.com/robertkrimen/otto
  version: 1861f2408b93febb6dca3e39483fa6fe63d6e70f
  subpackages:
  - ast
  - dbg
  - file
  - parser
  - registry
  - token
- name: github.com/russross/blackfriday
  version: 0b647d0506a698cca42caca173e55559b12a69f2
- name: github.com/satori/go.uuid
  version: 879c5887cd475cd7864858769793b2ceb0d44feb
- name: github.com/sbstjn/allot
  version: 1f2349af5ccd74c1a8d8fe4d1bf688645b628321
- name: github.com/sergi/go-diff
  version: 24e2351369ec4949b2ed0dc5c477afdd4c4034e8
  subpackages:
  - diffmatchpatch
- name: github.com/shurcooL/sanitized_anchor_name
  version: 1dba4b3954bc059efc3991ec364f9f9a35f597d2
- name: github.com/Sirupsen/logrus
  version: ba1b36c82c5e05c4f912a88eab0dcd91a171688f
- name: github.com/SKAhack/go-shortid
  version: 24d054c393feb4d0a6514de8a9951a26fedf0d85
- name: github.com/skip2/go-qrcode
  version: cf02323edc040f5263d08b45a60bc8abdc3bde18
  subpackages:
  - bitset
  - reedsolomon
- name: github.com/solovev/gopsd
  version: 324149dd34bc90d56963669f7a288d96b7d9ba10
  subpackages:
  - types
  - util
- name: github.com/sourcegraph/annotate
  version: f4cad6c6324d3f584e1743d8b3e0e017a5f3a636
- name: github.com/sourcegraph/syntaxhighlight
  version: c95ac474b7cb9c711f4591b553a2caaa24ea3d37
- name: github.com/speps/go-hashids
  version: d1d57a886aa7e3ef6092b70ceab077e35ee8e0ce
- name: github.com/spf13/cobra
  version: 7be4beda01ec05d0b93d80b3facd2b6f44080d94
- name: github.com/spf13/pflag
  version: 9ff6c6923cfffbcd502984b8e0c80539a94968b7
- name: github.com/ssor/bom
  version: 6ed919a936d5ab554e4b40bc51f7c522488122c6
- name: github.com/tdewolff/buffer
  version: df6253e2a2cda5aba1b5d0c59fc5bdf0a98ae192
- name: github.com/tdewolff/minify
  version: bf4ffcc476fdee34561726f5b5523dc0f87a707a
  subpackages:
  - css
  - html
  - js
  - json
  - svg
  - xml
- name: github.com/tdewolff/parse
  version: eaf18f3585c614752aa17737e10095d49e38c9fa
  subpackages:
  - css
  - html
  - js
  - json
  - svg
  - xml
- name: github.com/tdewolff/strconv
  version: 3e8091f4417ebaaa3910da63a45ea394ebbfb0e3
- name: github.com/ugorji/go
  version: 708a42d246822952f38190a8d8c4e6b16a0e600c
  subpackages:
  - codec
- name: github.com/undiabler/golang-whois
  version: 9c42dee39c46837f87188e12476fc8ecefe256bb
- name: github.com/yosssi/gcss
  version: 4dc500a9960c4bc1224c28c9695f6447b1d14d99
- name: golang.org/x/image
  version: fb59e5ba1052c469714bd4e918e7d8360aaa9642
  subpackages:
  - bmp
  - font
  - math/fixed
  - riff
  - tiff
  - tiff/lzw
  - vp8
  - vp8l
  - webp
- name: golang.org/x/net
  version: a6577fac2d73be281a500b310739095313165611
  subpackages:
  - context
  - context/ctxhttp
  - html
  - html/atom
  - http2
  - http2/hpack
  - idna
  - internal/timeseries
  - lex/httplex
  - trace
- name: golang.org/x/oauth2
  version: 30fcca6531eb4bb278493c9fb299295b3b145934
  subpackages:
  - google
  - internal
  - jws
  - jwt
- name: golang.org/x/sys
  version: 99f16d856c9836c42d24e7ab64ea72916925fa97
  subpackages:
  - unix
  - windows
- name: golang.org/x/time
  version: f51c12702a4d776e4c1fa9b0fabab841babae631
  subpackages:
  - rate
- name: google.golang.org/api
  version: cbeb0ff89adddeef6a3287fa481dcca2b596ed36
  subpackages:
  - cloudtrace/v1
  - gensupport
  - googleapi
  - googleapi/internal/uritemplates
  - googleapi/transport
  - internal
  - iterator
  - option
  - support/bundler
  - transport
- name: google.golang.org/appengine
  version: b79c28f0197795b4050bfcd7c4c2209136c594b1
  subpackages:
  - internal
  - internal/app_identity
  - internal/base
  - internal/datastore
  - internal/log
  - internal/modules
  - internal/remote_api
  - internal/socket
  - internal/urlfetch
  - socket
  - urlfetch
- name: google.golang.org/genproto
  version: de9f5e90fe9b278809363f08c2072d2f2a429de7
  subpackages:
  - googleapis/api/annotations
  - googleapis/api/distribution
  - googleapis/api/label
  - googleapis/api/metric
  - googleapis/api/monitoredres
  - googleapis/devtools/clouderrorreporting/v1beta1
  - googleapis/logging/type
  - googleapis/logging/v2
  - googleapis/rpc/status
- name: google.golang.org/grpc
  version: cdee119ee21e61eef7093a41ba148fa83585e143
  subpackages:
  - codes
  - credentials
  - credentials/oauth
  - grpclog
  - internal
  - keepalive
  - metadata
  - naming
  - peer
  - stats
  - tap
  - transport
- name: gopkg.in/go-playground/validator.v9
  version: 4bd19358521c53f09639f21e2a9d6883d6890f24
- name: gopkg.in/mailgun/mailgun-go.v1
  version: a4002e2df2e8ca2da6a6fbb4a72871b504e49f50
- name: gopkg.in/neurosnap/sentences.v1
  version: a7f18ead1433a139742a8b42ce7a059cfb484d60
- name: gopkg.in/sourcemap.v1
  version: 6e83acea0053641eff084973fee085f0c193c61a
  subpackages:
  - base64vlq
- name: gopkg.in/tylerb/graceful.v1
  version: 4654dfbb6ad53cb5e27f37d99b02e16c1872fbbb
testImports:
- name: github.com/gopherjs/gopherjs
  version: 0cc212b4ef1943b61e894a7d56490575b3216439
  subpackages:
  - js
- name: github.com/jtolds/gls
  version: bb0351aa7eb6f322f32667d51375f26a2bca6628
- name: github.com/smartystreets/assertions
  version: c9ee7d9e9a2aeec0bee7c4a516f3e0ad7cb7e558
  subpackages:
  - internal/go-render/render
  - internal/oglematchers
- name: github.com/smartystreets/goconvey
  version: d4c757aa9afd1e2fc1832aaab209b5794eb336e1
  subpackages:
  - convey
  - convey/gotest
  - convey/reporting
