hash: dc35b505c108346ecfe56b3a544764ba3b87297fba595546875233e998b656a9
updated: 2017-11-16T21:17:49.82595Z
imports:
- name: cloud.google.com/go
  version: 2d3a6656c17a60b0815b7e06ab0be04eacb6e613
  subpackages:
  - compute/metadata
  - errorreporting
  - errorreporting/apiv1beta1
  - internal/tracecontext
  - internal/version
  - logging
  - logging/apiv2
  - logging/internal
  - trace
- name: github.com/abcum/emitr
  version: 87dc7f6510db6a67e1fef3ed8dd2767861809541
- name: github.com/abcum/fibre
  version: 4daebfda4241ab8996127e91f52cb674a7919a63
  subpackages:
  - mw
- name: github.com/abcum/orbit
  version: f0af3257bf054176614311b657fd280e60fd958e
- name: github.com/abcum/pdflib
  version: 931e22c6a891fa17b3b3fe266294d453c3c1def3
- name: github.com/abcum/webdriver
  version: 69f295e0341e28d747a5d05a18e6fcb48f36e0c6
- name: github.com/AlasdairF/Conv
  version: b55e025a049e6ae1ca76be0fde855af441f89141
- name: github.com/AlasdairF/Custom
  version: 1889d7b07a22ffb7d32ea0dd070efe6c5121b0d5
- name: github.com/AlasdairF/NormalizeText
  version: 1782820e36471657cd6157b4ba2664b5d78d52bd
- name: github.com/AlasdairF/snappy
  version: d1c9103b7e943501a7d4f21a89a5b532f31a018f
- name: github.com/AlekSi/pointer
  version: 08a25bac605b3fcb6cc27f3917b2c2c87451963d
- name: github.com/andybalholm/cascadia
  version: 349dd0209470eabd9514242c688c403c0926d266
- name: github.com/anthonynsimon/bild
  version: 35fd1904d43f809ded0959922164885e25577aa2
  subpackages:
  - adjust
  - blend
  - blur
  - channel
  - clone
  - convolution
  - effect
  - fcolor
  - histogram
  - math/f64
  - noise
  - parallel
  - segment
  - transform
  - util
- name: github.com/arbovm/levenshtein
  version: 48b4e1c0c4d0b8b1864f1bd2cd31bb20147e4636
- name: github.com/aymerick/raymond
  version: a2232af10b53ef1ae5a767f5178db3a6c1dab655
  subpackages:
  - ast
  - lexer
  - parser
- name: github.com/beevik/etree
  version: 15a30b44cfd6c5a16a7ddfe271bf146aaf2d3195
- name: github.com/boombuler/barcode
  version: 3cfea5ab600ae37946be2b763b8ec2c1cf2d272d
  subpackages:
  - codabar
  - code128
  - code39
  - datamatrix
  - ean
  - qr
  - twooffive
  - utils
- name: github.com/brianvoe/gofakeit
  version: 205d1f0bb7e866608843509e12ae16d9d1aff8e5
  subpackages:
  - data
- name: github.com/dgrijalva/jwt-go
  version: dbeaa9332f19a944acb5736b4456cfcc02140e29
- name: github.com/disintegration/imaging
  version: dd50a3ee9985ccd313a2f03c398fcaedc96dc707
- name: github.com/donatj/mpo
  version: 373c776796673cdf6292c6c745a993b9716c176b
- name: github.com/endeveit/guesslanguage
  version: b9ec07401dcbe25857ba6d81fed47cba5d677246
  subpackages:
  - models
- name: github.com/fatih/structs
  version: a720dfa8df582c51dee1b36feabb906bde1588bd
- name: github.com/go-playground/locales
  version: e4cbcb5d0652150d40ad0646651076b6bd2be4f6
  subpackages:
  - currency
- name: github.com/go-playground/universal-translator
  version: 71201497bace774495daed26a3874fd339e0b538
- name: github.com/golang/freetype
  version: e2365dfdc4a05e4b8299a783240d4a7d5a65d4e4
  subpackages:
  - raster
  - truetype
- name: github.com/golang/protobuf
  version: 1e59b77b52bf8e4b449a57e6f79f21226d571845
  subpackages:
  - proto
  - protoc-gen-go/descriptor
  - ptypes
  - ptypes/any
  - ptypes/duration
  - ptypes/empty
  - ptypes/struct
  - ptypes/timestamp
- name: github.com/googleapis/gax-go
  version: 317e0006254c44a0ac427cc52a0e083ff0b9622f
- name: github.com/gorilla/websocket
  version: ea4d1f681babbce9545c9c5f3d5194a789c89f5b
- name: github.com/gosimple/slug
  version: e9f42fa127660e552d0ad2b589868d403a9be7c6
- name: github.com/hjson/hjson-go
  version: d8adb1bb23adb87a63c2d1f3c0237a0a313b69a6
- name: github.com/inconshreveable/mousetrap
  version: 76626ae9c91c4f2a10f34cad8ce83ea42c93bb75
- name: github.com/jaytaylor/html2text
  version: 0ee88d3006305456b84cad14a24b2576f9411965
- name: github.com/klauspost/compress
  version: ea08389e0dc46025380296f7dd04ab0e8de36adb
  subpackages:
  - flate
  - zlib
- name: github.com/klauspost/cpuid
  version: ae7887de9fa5d2db4eaa8174a7eff2c1ac00f2da
- name: github.com/lucasb-eyer/go-colorful
  version: 231272389856c976b7500c4fffcc52ddf06ff4eb
- name: github.com/mattn/go-colorable
  version: 6fcc0c1fd9b620311d821b106a400b35dc95c497
- name: github.com/mattn/go-isatty
  version: 6ca4dbf54d38eea1a992b3c722a76a5d1c4cb25c
- name: github.com/mattn/go-runewidth
  version: 97311d9f7767e3d6f422ea06661bc2c7a19e8a5d
- name: github.com/mgutz/ansi
  version: 9520e82c474b0a04dd04f8a40959027271bab992
- name: github.com/miekg/dns
  version: 9fc4eb252eedf0ef8adc05169ce35da5e31beaba
  subpackages:
  - internal/socket
- name: github.com/mitchellh/mapstructure
  version: 06020f85339e21b2478f756a78e295255ffa4d6a
- name: github.com/mozillazg/go-unidecode
  version: 7ab3c72180eeb79ccb8746137e14d6b0a60dd685
  subpackages:
  - table
- name: github.com/mvdan/xurls
  version: d315b61cf6727664f310fa87b3197e9faf2a8513
- name: github.com/newrelic/go-agent
  version: 462a146a1270954750aac98c5b3e83dec6a9adfd
  subpackages:
  - internal
  - internal/jsonx
  - internal/logger
  - internal/sysinfo
  - internal/utilization
- name: github.com/Obaied/RAKE.Go
  version: 2f90f6810f3e62f208d2d5452c8f882d2b45cd1e
- name: github.com/olebedev/when
  version: 53693fbb59a88d8eb5a214820c5ec1ea76d2460c
  subpackages:
  - rules
  - rules/common
  - rules/en
  - rules/ru
- name: github.com/olekukonko/tablewriter
  version: a7a4c189eb47ed33ce7b35f2880070a0c82a67d4
- name: github.com/oschwald/geoip2-golang
  version: 5b1dc16861f81d05d9836bb21c2d0d65282fc0b8
- name: github.com/oschwald/maxminddb-golang
  version: 26fe5ace1c706491c2936119e1dc69c1a9c04d7f
- name: github.com/paulstuart/ping
  version: 0345a9703e43995c48c1749fda54272132d57324
- name: github.com/pkg/errors
  version: f15c970de5b76fac0b59abb32d62c17cc7bed265
- name: github.com/pkg/profile
  version: 5b67d428864e92711fcbd2f8629456121a56d91f
- name: github.com/PuerkitoBio/goquery
  version: e1271ee34c6a305e38566ecd27ae374944907ee9
- name: github.com/rainycape/unidecode
  version: cb7f23ec59bec0d61b19c56cd88cee3d0cc1870c
- name: github.com/robertkrimen/otto
  version: 68a29f5e29b18d7367e686c43cf74eba1900f548
  subpackages:
  - ast
  - dbg
  - file
  - parser
  - registry
  - token
- name: github.com/russross/blackfriday
  version: 187c33ff049bddf24fc5c5b82facfdd62813a552
- name: github.com/satori/go.uuid
  version: 879c5887cd475cd7864858769793b2ceb0d44feb
- name: github.com/sbstjn/allot
  version: 1f2349af5ccd74c1a8d8fe4d1bf688645b628321
- name: github.com/sergi/go-diff
  version: 1744e2970ca51c86172c8190fadad617561ed6e7
  subpackages:
  - diffmatchpatch
- name: github.com/shurcooL/sanitized_anchor_name
  version: 86672fcb3f950f35f2e675df2240550f2a50762f
- name: github.com/Sirupsen/logrus
  version: f006c2ac4710855cf0f916dd6b77acf6b048dc6e
- name: github.com/SKAhack/go-shortid
  version: 24d054c393feb4d0a6514de8a9951a26fedf0d85
- name: github.com/skip2/go-qrcode
  version: 695fc75a09738f9be56aaa3aecfd7dac28e66b63
  subpackages:
  - bitset
  - reedsolomon
- name: github.com/solovev/gopsd
  version: 324149dd34bc90d56963669f7a288d96b7d9ba10
  subpackages:
  - types
  - util
- name: github.com/sourcegraph/annotate
  version: f4cad6c6324d3f584e1743d8b3e0e017a5f3a636
- name: github.com/sourcegraph/syntaxhighlight
  version: bd320f5d308e1a3c4314c678d8227a0d72574ae7
- name: github.com/speps/go-hashids
  version: d1d57a886aa7e3ef6092b70ceab077e35ee8e0ce
- name: github.com/spf13/cobra
  version: 7b2c5ac9fc04fc5efafb60700713d4fa609b777b
- name: github.com/spf13/pflag
  version: 4c012f6dcd9546820e378d0bdda4d8fc772cdfea
- name: github.com/ssor/bom
  version: 6386211fdfcf24c0bfbdaceafd02849ed9a8a509
- name: github.com/tdewolff/minify
  version: 90df1aae5028a7cbb441bde86e86a55df6b5aa34
  subpackages:
  - css
  - html
  - js
  - json
  - svg
  - xml
- name: github.com/tdewolff/parse
  version: bace4cf682c41e03b154044b561575ff541b83e8
  subpackages:
  - buffer
  - css
  - html
  - js
  - json
  - strconv
  - svg
  - xml
- name: github.com/ugorji/go
  version: 3ae9bb479bff2e598f341c5d9613c2c46d13cfc2
  subpackages:
  - codec
- name: github.com/undiabler/golang-whois
  version: 9c42dee39c46837f87188e12476fc8ecefe256bb
- name: github.com/yosssi/gcss
  version: 4dc500a9960c4bc1224c28c9695f6447b1d14d99
- name: golang.org/x/crypto
  version: 9f005a07e0d31d45e6656d241bb5c0f2efd4bc94
  subpackages:
  - ssh/terminal
- name: golang.org/x/image
  version: f7e31b4ea2e3413ab91b4e7d2dc83e5f8d19a44c
  subpackages:
  - bmp
  - font
  - math/fixed
  - riff
  - tiff
  - tiff/lzw
  - vp8
  - vp8l
  - webp
- name: golang.org/x/net
  version: 9dfe39835686865bff950a07b394c12a98ddc811
  subpackages:
  - context
  - context/ctxhttp
  - html
  - html/atom
  - http2
  - http2/hpack
  - idna
  - internal/timeseries
  - lex/httplex
  - trace
- name: golang.org/x/oauth2
  version: 9ff8ebcc8e241d46f52ecc5bff0e5a2f2dbef402
  subpackages:
  - google
  - internal
  - jws
  - jwt
- name: golang.org/x/sync
  version: fd80eb99c8f653c847d294a001bdf2a3a6f768f5
  subpackages:
  - semaphore
- name: golang.org/x/sys
  version: bf42f188b9bc6f2cf5b8ee5a912ef1aedd0eba4c
  subpackages:
  - unix
  - windows
- name: golang.org/x/text
  version: 88f656faf3f37f690df1a32515b479415e1a6769
  subpackages:
  - secure/bidirule
  - transform
  - unicode/bidi
  - unicode/norm
- name: golang.org/x/time
  version: 6dc17368e09b0e8634d71cac8168d853e869a0c7
  subpackages:
  - rate
- name: google.golang.org/api
  version: 1f7e48066acd1b2f555c2cc48c8fc675025ef6c3
  subpackages:
  - cloudtrace/v1
  - gensupport
  - googleapi
  - googleapi/internal/uritemplates
  - googleapi/transport
  - internal
  - iterator
  - option
  - support/bundler
  - transport
  - transport/grpc
  - transport/http
- name: google.golang.org/appengine
  version: 9d8544a6b2c7df9cff240fcf92d7b2f59bc13416
  subpackages:
  - internal
  - internal/app_identity
  - internal/base
  - internal/datastore
  - internal/log
  - internal/modules
  - internal/remote_api
  - internal/socket
  - internal/urlfetch
  - socket
  - urlfetch
- name: google.golang.org/genproto
  version: 11c7f9e547da6db876260ce49ea7536985904c9b
  subpackages:
  - googleapis/api/annotations
  - googleapis/api/distribution
  - googleapis/api/label
  - googleapis/api/metric
  - googleapis/api/monitoredres
  - googleapis/devtools/clouderrorreporting/v1beta1
  - googleapis/logging/type
  - googleapis/logging/v2
  - googleapis/rpc/status
  - protobuf/field_mask
- name: google.golang.org/grpc
  version: c1fc29613da668384b9a63e81b424d627f0b0a02
  subpackages:
  - balancer
  - balancer/roundrobin
  - codes
  - connectivity
  - credentials
  - credentials/oauth
  - encoding
  - grpclb/grpc_lb_v1/messages
  - grpclog
  - internal
  - keepalive
  - metadata
  - naming
  - peer
  - resolver
  - resolver/dns
  - resolver/passthrough
  - stats
  - status
  - tap
  - transport
- name: gopkg.in/go-playground/validator.v9
  version: 61caf9d3038e1af346dbf5c2e16f6678e1548364
- name: gopkg.in/mailgun/mailgun-go.v1
  version: a4002e2df2e8ca2da6a6fbb4a72871b504e49f50
- name: gopkg.in/neurosnap/sentences.v1
  version: a7f18ead1433a139742a8b42ce7a059cfb484d60
- name: gopkg.in/sourcemap.v1
  version: 6e83acea0053641eff084973fee085f0c193c61a
  subpackages:
  - base64vlq
- name: gopkg.in/tylerb/graceful.v1
  version: 4654dfbb6ad53cb5e27f37d99b02e16c1872fbbb
testImports:
- name: github.com/gopherjs/gopherjs
  version: 444abdf920945de5d4a977b572bcc6c674d1e4eb
  subpackages:
  - js
- name: github.com/jtolds/gls
  version: 77f18212c9c7edc9bd6a33d383a7b545ce62f064
- name: github.com/smartystreets/assertions
  version: 0b37b35ec7434b77e77a4bb29b79677cced992ea
  subpackages:
  - internal/go-render/render
  - internal/oglematchers
- name: github.com/smartystreets/goconvey
  version: 9e8dc3f972df6c8fcc0375ef492c24d0bb204857
  subpackages:
  - convey
  - convey/gotest
  - convey/reporting
