hash: 9b0fdb29ac0f7a1d98769a55ba7ef28dc46ec62f70e9b72916b493d8c48bff6e
updated: 2016-08-15T07:59:06.854087668+01:00
imports:
- name: github.com/abcum/fibre
  version: efa45f83e0a349754f833cad55e14b2a6af22884
  subpackages:
  - mw
- name: github.com/abcum/logrus
  version: 119b6994c03cc9597e8c1873a47d715e34b5ed9a
- name: github.com/abcum/orbit
  version: 0bd0fdbbb4128128958b2a5870eaf496325790fc
- name: github.com/aymerick/raymond
  version: a2232af10b53ef1ae5a767f5178db3a6c1dab655
  subpackages:
  - ast
  - parser
  - lexer
- name: github.com/dgrijalva/jwt-go
  version: 63734eae1ef55eaac06fdc0f312615f2e321e273
- name: github.com/golang/protobuf
  version: 2c1988e8c18d14b142c0b472624f71647cf39adb
  subpackages:
  - proto
- name: github.com/gorilla/websocket
  version: a69d25be2fe2923a97c2af6849b2f52426f68fc0
- name: github.com/inconshreveable/mousetrap
  version: 76626ae9c91c4f2a10f34cad8ce83ea42c93bb75
- name: github.com/mgutz/ansi
  version: c286dcecd19ff979eeb73ea444e479b903f2cfcb
- name: github.com/robertkrimen/otto
  version: 7d9cbc2befca39869eb0e5bcb0f44c0692c2f8ff
  subpackages:
  - ast
  - dbg
  - file
  - parser
  - registry
  - token
- name: github.com/russross/blackfriday
  version: 93622da34e54fb6529bfb7c57e710f37a8d9cbd8
- name: github.com/satori/go.uuid
  version: 0aa62d5ddceb50dbcb909d790b5345affd3669b6
- name: github.com/shurcooL/sanitized_anchor_name
  version: 10ef21a441db47d8b13ebcc5fd2310f636973c77
- name: github.com/SKAhack/go-shortid
  version: 24d054c393feb4d0a6514de8a9951a26fedf0d85
- name: github.com/spf13/cobra
  version: 7c674d9e72017ed25f6d2b5e497a1368086b6a6f
- name: github.com/spf13/pflag
  version: f676131e2660dc8cd88de99f7486d34aa8172635
- name: github.com/tdewolff/buffer
  version: 0edfcb7b750146ff879e95831de2ef53605a5cb5
- name: github.com/tdewolff/minify
  version: 28aac1f92d928dfb63dd0258a3b2248a020e86da
  subpackages:
  - css
  - html
  - js
  - json
  - svg
  - xml
- name: github.com/tdewolff/parse
  version: 34d5c1160d4503da4b456e5094609f2331d6dde3
  subpackages:
  - css
  - html
  - js
  - json
  - svg
  - xml
- name: github.com/tdewolff/strconv
  version: 3e8091f4417ebaaa3910da63a45ea394ebbfb0e3
- name: github.com/yosssi/gcss
  version: 39677598ea4f3ec1da5568173b4d43611f307edb
- name: github.com/yvasiyarov/go-metrics
  version: c25f46c4b94079672242ec48a545e7ca9ebe3aec
- name: github.com/yvasiyarov/gorelic
  version: ae09aa139a2b7f638e2412baceaceebd41eff115
- name: github.com/yvasiyarov/newrelic_platform_go
  version: 9c099fbc30e90de5bb5c5f94aa5fd08f2daeaacd
- name: golang.org/x/net
  version: 075e191f18186a8ff2becaf64478e30f4545cdad
  subpackages:
  - context
- name: golang.org/x/sys
  version: a646d33e2ee3172a661fc09bca23bb4889a41bc8
  subpackages:
  - unix
- name: google.golang.org/appengine
  version: e951d3868b377b14f4e60efa3a301532ee3c1ebf
  subpackages:
  - datastore
  - internal
  - internal/datastore
  - internal/app_identity
  - internal/modules
  - internal/base
  - internal/log
  - internal/remote_api
- name: gopkg.in/sourcemap.v1
  version: 8cd1e2e0ddc78dcb4511bcb184d23171bed15c67
  subpackages:
  - base64vlq
- name: gopkg.in/tylerb/graceful.v1
  version: c838c13b2beeea4f4f54496da96a3a6ae567c37a
- name: gopkg.in/vmihailenco/msgpack.v2
  version: 3e4e2bdfed29cc4ebf72d9b7523c7c91e9eb829e
  subpackages:
  - codes
testImports:
- name: github.com/gopherjs/gopherjs
  version: 72e303cb5f235b23471872477b57e573dc1c71d0
  subpackages:
  - js
- name: github.com/jtolds/gls
  version: 8ddce2a84170772b95dd5d576c48d517b22cac63
- name: github.com/smartystreets/assertions
  version: 2063fd1cc7c975db70502811a34b06ad034ccdf2
  subpackages:
  - internal/go-render/render
  - internal/oglematchers
- name: github.com/smartystreets/goconvey
  version: 4622128e06c77c0174e17a7f0ed2db19a989b473
  subpackages:
  - convey
  - convey/reporting
  - convey/gotest
